
Microsoft Visual Studio Solution File, Format Version 12.00
# Visual Studio Version 16
VisualStudioVersion = 16.0.33027.164
MinimumVisualStudioVersion = 10.0.40219.1
Project("{F184B08F-C81C-45F6-A57F-5ABD9991F28F}") = "MMCoffee", "MMCoffee\MMCoffee.vbproj", "{98CCE250-3D7B-412D-B59E-784463E14DBA}"
EndProject
Global
	GlobalSection(SolutionConfigurationPlatforms) = preSolution
		Debug|Any CPU = Debug|Any CPU
		Release|Any CPU = Release|Any CPU
	EndGlobalSection
	GlobalSection(ProjectConfigurationPlatforms) = postSolution
		{98CCE250-3D7B-412D-B59E-784463E14DBA}.Debug|Any CPU.ActiveCfg = Debug|Any CPU
		{98CCE250-3D7B-412D-B59E-784463E14DBA}.Debug|Any CPU.Build.0 = Debug|Any CPU
		{98CCE250-3D7B-412D-B59E-784463E14DBA}.Release|Any CPU.ActiveCfg = Release|Any CPU
		{98CCE250-3D7B-412D-B59E-784463E14DBA}.Release|Any CPU.Build.0 = Release|Any CPU
	EndGlobalSection
	GlobalSection(SolutionProperties) = preSolution
		HideSolutionNode = FALSE
	EndGlobalSection
	GlobalSection(ExtensibilityGlobals) = postSolution
		SolutionGuid = {3A1FFC1E-16EE-4E32-85C3-C82D63F91EE1}
	EndGlobalSection
EndGlobal
